// !$*UTF8*$!
{
	archiveVersion = 1;
	classes = {
	};
	objectVersion = 50;
	objects = {

/* Begin PBXBuildFile section */
		AB18BB1E2165FF34008DFA52 /* AppDelegate.swift in Sources */ = {isa = PBXBuildFile; fileRef = AB18BB1D2165FF34008DFA52 /* AppDelegate.swift */; };
		AB18BB202165FF34008DFA52 /* ViewController.swift in Sources */ = {isa = PBXBuildFile; fileRef = AB18BB1F2165FF34008DFA52 /* ViewController.swift */; };
		AB18BB232165FF34008DFA52 /* Main.storyboard in Resources */ = {isa = PBXBuildFile; fileRef = AB18BB212165FF34008DFA52 /* Main.storyboard */; };
		AB18BB252165FF36008DFA52 /* Assets.xcassets in Resources */ = {isa = PBXBuildFile; fileRef = AB18BB242165FF36008DFA52 /* Assets.xcassets */; };
		AB18BB282165FF36008DFA52 /* LaunchScreen.storyboard in Resources */ = {isa = PBXBuildFile; fileRef = AB18BB262165FF36008DFA52 /* LaunchScreen.storyboard */; };
		AB18BB3021660EEE008DFA52 /* Model.swift in Sources */ = {isa = PBXBuildFile; fileRef = AB18BB2F21660EEE008DFA52 /* Model.swift */; };
		AB18BB3221661141008DFA52 /* NoteCell.swift in Sources */ = {isa = PBXBuildFile; fileRef = AB18BB3121661141008DFA52 /* NoteCell.swift */; };
		AB18BB3421663C9D008DFA52 /* DetailViewController.swift in Sources */ = {isa = PBXBuildFile; fileRef = AB18BB3321663C9D008DFA52 /* DetailViewController.swift */; };
/* End PBXBuildFile section */

/* Begin PBXFileReference section */
		AB18BB1A2165FF34008DFA52 /* d02.app */ = {isa = PBXFileReference; explicitFileType = wrapper.application; includeInIndex = 0; path = d02.app; sourceTree = BUILT_PRODUCTS_DIR; };
		AB18BB1D2165FF34008DFA52 /* AppDelegate.swift */ = {isa = PBXFileReference; lastKnownFileType = sourcecode.swift; path = AppDelegate.swift; sourceTree = "<group>"; };
		AB18BB1F2165FF34008DFA52 /* ViewController.swift */ = {isa = PBXFileReference; lastKnownFileType = sourcecode.swift; path = ViewController.swift; sourceTree = "<group>"; };
		AB18BB222165FF34008DFA52 /* Base */ = {isa = PBXFileReference; lastKnownFileType = file.storyboard; name = Base; path = Base.lproj/Main.storyboard; sourceTree = "<group>"; };
		AB18BB242165FF36008DFA52 /* Assets.xcassets */ = {isa = PBXFileReference; lastKnownFileType = folder.assetcatalog; path = Assets.xcassets; sourceTree = "<group>"; };
		AB18BB272165FF36008DFA52 /* Base */ = {isa = PBXFileReference; lastKnownFileType = file.storyboard; name = Base; path = Base.lproj/LaunchScreen.storyboard; sourceTree = "<group>"; };
		AB18BB292165FF36008DFA52 /* Info.plist */ = {isa = PBXFileReference; lastKnownFileType = text.plist.xml; path = Info.plist; sourceTree = "<group>"; };
		AB18BB2F21660EEE008DFA52 /* Model.swift */ = {isa = PBXFileReference; lastKnownFileType = sourcecode.swift; path = Model.swift; sourceTree = "<group>"; };
		AB18BB3121661141008DFA52 /* NoteCell.swift */ = {isa = PBXFileReference; lastKnownFileType = sourcecode.swift; path = NoteCell.swift; sourceTree = "<group>"; };
		AB18BB3321663C9D008DFA52 /* DetailViewController.swift */ = {isa = PBXFileReference; lastKnownFileType = sourcecode.swift; path = DetailViewController.swift; sourceTree = "<group>"; };
/* End PBXFileReference section */

/* Begin PBXFrameworksBuildPhase section */
		AB18BB172165FF34008DFA52 /* Frameworks */ = {
			isa = PBXFrameworksBuildPhase;
			buildActionMask = 2147483647;
			files = (
			);
			runOnlyForDeploymentPostprocessing = 0;
		};
/* End PBXFrameworksBuildPhase section */

/* Begin PBXGroup section */
		AB18BB112165FF34008DFA52 = {
			isa = PBXGroup;
			children = (
				AB18BB1C2165FF34008DFA52 /* d02 */,
				AB18BB1B2165FF34008DFA52 /* Products */,
			);
			sourceTree = "<group>";
		};
		AB18BB1B2165FF34008DFA52 /* Products */ = {
			isa = PBXGroup;
			children = (
				AB18BB1A2165FF34008DFA52 /* d02.app */,
			);
			name = Products;
			sourceTree = "<group>";
		};
		AB18BB1C2165FF34008DFA52 /* d02 */ = {
			isa = PBXGroup;
			children = (
				AB18BB1D2165FF34008DFA52 /* AppDelegate.swift */,
				AB18BB1F2165FF34008DFA52 /* ViewController.swift */,
				AB18BB3321663C9D008DFA52 /* DetailViewController.swift */,
				AB18BB212165FF34008DFA52 /* Main.storyboard */,
				AB18BB242165FF36008DFA52 /* Assets.xcassets */,
				AB18BB262165FF36008DFA52 /* LaunchScreen.storyboard */,
				AB18BB292165FF36008DFA52 /* Info.plist */,
				AB18BB2F21660EEE008DFA52 /* Model.swift */,
				AB18BB3121661141008DFA52 /* NoteCell.swift */,
			);
			path = d02;
			sourceTree = "<group>";
		};
/* End PBXGroup section */

/* Begin PBXNativeTarget section */
		AB18BB192165FF34008DFA52 /* d02 */ = {
			isa = PBXNativeTarget;
			buildConfigurationList = AB18BB2C2165FF36008DFA52 /* Build configuration list for PBXNativeTarget "d02" */;
			buildPhases = (
				AB18BB162165FF34008DFA52 /* Sources */,
				AB18BB172165FF34008DFA52 /* Frameworks */,
				AB18BB182165FF34008DFA52 /* Resources */,
			);
			buildRules = (
			);
			dependencies = (
			);
			name = d02;
			productName = d02;
			productReference = AB18BB1A2165FF34008DFA52 /* d02.app */;
			productType = "com.apple.product-type.application";
		};
/* End PBXNativeTarget section */

/* Begin PBXProject section */
		AB18BB122165FF34008DFA52 /* Project object */ = {
			isa = PBXProject;
			attributes = {
				LastSwiftUpdateCheck = 0940;
				LastUpgradeCheck = 0940;
				ORGANIZATIONNAME = "Zenande GODONGWANA";
				TargetAttributes = {
					AB18BB192165FF34008DFA52 = {
						CreatedOnToolsVersion = 9.4.1;
					};
				};
			};
			buildConfigurationList = AB18BB152165FF34008DFA52 /* Build configuration list for PBXProject "d02" */;
			compatibilityVersion = "Xcode 9.3";
			developmentRegion = en;
			hasScannedForEncodings = 0;
			knownRegions = (
				en,
				Base,
			);
			mainGroup = AB18BB112165FF34008DFA52;
			productRefGroup = AB18BB1B2165FF34008DFA52 /* Products */;
			projectDirPath = "";
			projectRoot = "";
			targets = (
				AB18BB192165FF34008DFA52 /* d02 */,
			);
		};
/* End PBXProject section */

/* Begin PBXResourcesBuildPhase section */
		AB18BB182165FF34008DFA52 /* Resources */ = {
			isa = PBXResourcesBuildPhase;
			buildActionMask = 2147483647;
			files = (
				AB18BB282165FF36008DFA52 /* LaunchScreen.storyboard in Resources */,
				AB18BB252165FF36008DFA52 /* Assets.xcassets in Resources */,
				AB18BB232165FF34008DFA52 /* Main.storyboard in Resources */,
			);
			runOnlyForDeploymentPostprocessing = 0;
		};
/* End PBXResourcesBuildPhase section */

/* Begin PBXSourcesBuildPhase section */
		AB18BB162165FF34008DFA52 /* Sources */ = {
			isa = PBXSourcesBuildPhase;
			buildActionMask = 2147483647;
			files = (
				AB18BB202165FF34008DFA52 /* ViewController.swift in Sources */,
				AB18BB3021660EEE008DFA52 /* Model.swift in Sources */,
				AB18BB3421663C9D008DFA52 /* DetailViewController.swift in Sources */,
				AB18BB1E2165FF34008DFA52 /* AppDelegate.swift in Sources */,
				AB18BB3221661141008DFA52 /* NoteCell.swift in Sources */,
			);
			runOnlyForDeploymentPostprocessing = 0;
		};
/* End PBXSourcesBuildPhase section */

/* Begin PBXVariantGroup section */
		AB18BB212165FF34008DFA52 /* Main.storyboard */ = {
			isa = PBXVariantGroup;
			children = (
				AB18BB222165FF34008DFA52 /* Base */,
			);
			name = Main.storyboard;
			sourceTree = "<group>";
		};
		AB18BB262165FF36008DFA52 /* LaunchScreen.storyboard */ = {
			isa = PBXVariantGroup;
			children = (
				AB18BB272165FF36008DFA52 /* Base */,
			);
			name = LaunchScreen.storyboard;
			sourceTree = "<group>";
		};
/* End PBXVariantGroup section */

/* Begin XCBuildConfiguration section */
		AB18BB2A2165FF36008DFA52 /* Debug */ = {
			isa = XCBuildConfiguration;
			buildSettings = {
				ALWAYS_SEARCH_USER_PATHS = NO;
				CLANG_ANALYZER_NONNULL = YES;
				CLANG_ANALYZER_NUMBER_OBJECT_CONVERSION = YES_AGGRESSIVE;
				CLANG_CXX_LANGUAGE_STANDARD = "gnu++14";
				CLANG_CXX_LIBRARY = "libc++";
				CLANG_ENABLE_MODULES = YES;
				CLANG_ENABLE_OBJC_ARC = YES;
				CLANG_ENABLE_OBJC_WEAK = YES;
				CLANG_WARN_BLOCK_CAPTURE_AUTORELEASING = YES;
				CLANG_WARN_BOOL_CONVERSION = YES;
				CLANG_WARN_COMMA = YES;
				CLANG_WARN_CONSTANT_CONVERSION = YES;
				CLANG_WARN_DEPRECATED_OBJC_IMPLEMENTATIONS = YES;
				CLANG_WARN_DIRECT_OBJC_ISA_USAGE = YES_ERROR;
				CLANG_WARN_DOCUMENTATION_COMMENTS = YES;
				CLANG_WARN_EMPTY_BODY = YES;
				CLANG_WARN_ENUM_CONVERSION = YES;
				CLANG_WARN_INFINITE_RECURSION = YES;
				CLANG_WARN_INT_CONVERSION = YES;
				CLANG_WARN_NON_LITERAL_NULL_CONVERSION = YES;
				CLANG_WARN_OBJC_IMPLICIT_RETAIN_SELF = YES;
				CLANG_WARN_OBJC_LITERAL_CONVERSION = YES;
				CLANG_WARN_OBJC_ROOT_CLASS = YES_ERROR;
				CLANG_WARN_RANGE_LOOP_ANALYSIS = YES;
				CLANG_WARN_STRICT_PROTOTYPES = YES;
				CLANG_WARN_SUSPICIOUS_MOVE = YES;
				CLANG_WARN_UNGUARDED_AVAILABILITY = YES_AGGRESSIVE;
				CLANG_WARN_UNREACHABLE_CODE = YES;
				CLANG_WARN__DUPLICATE_METHOD_MATCH = YES;
				CODE_SIGN_IDENTITY = "iPhone Developer";
				COPY_PHASE_STRIP = NO;
				DEBUG_INFORMATION_FORMAT = dwarf;
				ENABLE_STRICT_OBJC_MSGSEND = YES;
				ENABLE_TESTABILITY = YES;
				GCC_C_LANGUAGE_STANDARD = gnu11;
				GCC_DYNAMIC_NO_PIC = NO;
				GCC_NO_COMMON_BLOCKS = YES;
				GCC_OPTIMIZATION_LEVEL = 0;
				GCC_PREPROCESSOR_DEFINITIONS = (
					"DEBUG=1",
					"$(inherited)",
				);
				GCC_WARN_64_TO_32_BIT_CONVERSION = YES;
				GCC_WARN_ABOUT_RETURN_TYPE = YES_ERROR;
				GCC_WARN_UNDECLARED_SELECTOR = YES;
				GCC_WARN_UNINITIALIZED_AUTOS = YES_AGGRESSIVE;
				GCC_WARN_UNUSED_FUNCTION = YES;
				GCC_WARN_UNUSED_VARIABLE = YES;
				IPHONEOS_DEPLOYMENT_TARGET = 11.4;
				MTL_ENABLE_DEBUG_INFO = YES;
				ONLY_ACTIVE_ARCH = YES;
				SDKROOT = iphoneos;
				SWIFT_ACTIVE_COMPILATION_CONDITIONS = DEBUG;
				SWIFT_OPTIMIZATION_LEVEL = "-Onone";
			};
			name = Debug;
		};
		AB18BB2B2165FF36008DFA52 /* Release */ = {
			isa = XCBuildConfiguration;
			buildSettings = {
				ALWAYS_SEARCH_USER_PATHS = NO;
				CLANG_ANALYZER_NONNULL = YES;
				CLANG_ANALYZER_NUMBER_OBJECT_CONVERSION = YES_AGGRESSIVE;
				CLANG_CXX_LANGUAGE_STANDARD = "gnu++14";
				CLANG_CXX_LIBRARY = "libc++";
				CLANG_ENABLE_MODULES = YES;
				CLANG_ENABLE_OBJC_ARC = YES;
				CLANG_ENABLE_OBJC_WEAK = YES;
				CLANG_WARN_BLOCK_CAPTURE_AUTORELEASING = YES;
				CLANG_WARN_BOOL_CONVERSION = YES;
				CLANG_WARN_COMMA = YES;
				CLANG_WARN_CONSTANT_CONVERSION = YES;
				CLANG_WARN_DEPRECATED_OBJC_IMPLEMENTATIONS = YES;
				CLANG_WARN_DIRECT_OBJC_ISA_USAGE = YES_ERROR;
				CLANG_WARN_DOCUMENTATION_COMMENTS = YES;
				CLANG_WARN_EMPTY_BODY = YES;
				CLANG_WARN_ENUM_CONVERSION = YES;
				CLANG_WARN_INFINITE_RECURSION = YES;
				CLANG_WARN_INT_CONVERSION = YES;
				CLANG_WARN_NON_LITERAL_NULL_CONVERSION = YES;
				CLANG_WARN_OBJC_IMPLICIT_RETAIN_SELF = YES;
				CLANG_WARN_OBJC_LITERAL_CONVERSION = YES;
				CLANG_WARN_OBJC_ROOT_CLASS = YES_ERROR;
				CLANG_WARN_RANGE_LOOP_ANALYSIS = YES;
				CLANG_WARN_STRICT_PROTOTYPES = YES;
				CLANG_WARN_SUSPICIOUS_MOVE = YES;
				CLANG_WARN_UNGUARDED_AVAILABILITY = YES_AGGRESSIVE;
				CLANG_WARN_UNREACHABLE_CODE = YES;
				CLANG_WARN__DUPLICATE_METHOD_MATCH = YES;
				CODE_SIGN_IDENTITY = "iPhone Developer";
				COPY_PHASE_STRIP = NO;
				DEBUG_INFORMATION_FORMAT = "dwarf-with-dsym";
				ENABLE_NS_ASSERTIONS = NO;
				ENABLE_STRICT_OBJC_MSGSEND = YES;
				GCC_C_LANGUAGE_STANDARD = gnu11;
				GCC_NO_COMMON_BLOCKS = YES;
				GCC_WARN_64_TO_32_BIT_CONVERSION = YES;
				GCC_WARN_ABOUT_RETURN_TYPE = YES_ERROR;
				GCC_WARN_UNDECLARED_SELECTOR = YES;
				GCC_WARN_UNINITIALIZED_AUTOS = YES_AGGRESSIVE;
				GCC_WARN_UNUSED_FUNCTION = YES;
				GCC_WARN_UNUSED_VARIABLE = YES;
				IPHONEOS_DEPLOYMENT_TARGET = 11.4;
				MTL_ENABLE_DEBUG_INFO = NO;
				SDKROOT = iphoneos;
				SWIFT_COMPILATION_MODE = wholemodule;
				SWIFT_OPTIMIZATION_LEVEL = "-O";
				VALIDATE_PRODUCT = YES;
			};
			name = Release;
		};
		AB18BB2D2165FF36008DFA52 /* Debug */ = {
			isa = XCBuildConfiguration;
			buildSettings = {
				ASSETCATALOG_COMPILER_APPICON_NAME = AppIcon;
				CODE_SIGN_STYLE = Automatic;
				INFOPLIST_FILE = d02/Info.plist;
				LD_RUNPATH_SEARCH_PATHS = (
					"$(inherited)",
					"@executable_path/Frameworks",
				);
				PRODUCT_BUNDLE_IDENTIFIER = zgodongw.d02;
				PRODUCT_NAME = "$(TARGET_NAME)";
				SWIFT_VERSION = 4.0;
				TARGETED_DEVICE_FAMILY = "1,2";
			};
			name = Debug;
		};
		AB18BB2E2165FF36008DFA52 /* Release */ = {
			isa = XCBuildConfiguration;
			buildSettings = {
				ASSETCATALOG_COMPILER_APPICON_NAME = AppIcon;
				CODE_SIGN_STYLE = Automatic;
				INFOPLIST_FILE = d02/Info.plist;
				LD_RUNPATH_SEARCH_PATHS = (
					"$(inherited)",
					"@executable_path/Frameworks",
				);
				PRODUCT_BUNDLE_IDENTIFIER = zgodongw.d02;
				PRODUCT_NAME = "$(TARGET_NAME)";
				SWIFT_VERSION = 4.0;
				TARGETED_DEVICE_FAMILY = "1,2";
			};
			name = Release;
		};
/* End XCBuildConfiguration section */

/* Begin XCConfigurationList section */
		AB18BB152165FF34008DFA52 /* Build configuration list for PBXProject "d02" */ = {
			isa = XCConfigurationList;
			buildConfigurations = (
				AB18BB2A2165FF36008DFA52 /* Debug */,
				AB18BB2B2165FF36008DFA52 /* Release */,
			);
			defaultConfigurationIsVisible = 0;
			defaultConfigurationName = Release;
		};
		AB18BB2C2165FF36008DFA52 /* Build configuration list for PBXNativeTarget "d02" */ = {
			isa = XCConfigurationList;
			buildConfigurations = (
				AB18BB2D2165FF36008DFA52 /* Debug */,
				AB18BB2E2165FF36008DFA52 /* Release */,
			);
			defaultConfigurationIsVisible = 0;
			defaultConfigurationName = Release;
		};
/* End XCConfigurationList section */
	};
	rootObject = AB18BB122165FF34008DFA52 /* Project object */;
}
